
Microsoft Visual Studio Solution File, Format Version 12.00
# Visual Studio Version 17
VisualStudioVersion = 17.14.36908.2
MinimumVisualStudioVersion = 10.0.40219.1
Project("{FAE04EC0-301F-11D3-BF4B-00C04F79EFBC}") = "SQSPublisher", "1.SQS\SQSPublisher\SQSPublisher.csproj", "{18C0CC93-24BF-4F9A-B2A4-D42AB74732E4}"
EndProject
Project("{FAE04EC0-301F-11D3-BF4B-00C04F79EFBC}") = "SQSConsumer", "1.SQS\SQSConsumer\SQSConsumer.csproj", "{40CB66A8-B48A-49ED-B69A-2FFC9B3BA6D8}"
EndProject
Project("{FAE04EC0-301F-11D3-BF4B-00C04F79EFBC}") = "SQSWebAPI.Publisher", "1.SQS\SQSWebAPI.Publisher\SQSWebAPI.Publisher.csproj", "{D49A160D-6883-42A6-9E99-B1D502819E0F}"
EndProject
Project("{2150E333-8FDC-42A3-9474-1A3956D46DE8}") = "2.SNS", "2.SNS", "{02EA681E-C7D8-13C7-8484-4AC65E1B71E8}"
EndProject
Project("{FAE04EC0-301F-11D3-BF4B-00C04F79EFBC}") = "SNSPublisher", "2.SNS\SNSPublisher\SNSPublisher.csproj", "{72142F5E-1711-46C6-AC35-281531AEA0DA}"
EndProject
Project("{FAE04EC0-301F-11D3-BF4B-00C04F79EFBC}") = "SQSConsumer", "2.SNS\SqsConsumer\SQSConsumer.csproj", "{B66F03A5-ADF2-4CB5-A371-69BB04662F4F}"
EndProject
Project("{2150E333-8FDC-42A3-9474-1A3956D46DE8}") = "1.SQS", "1.SQS", "{87583499-98B2-4B9E-9A5A-F0118168EDAE}"
EndProject
Project("{2150E333-8FDC-42A3-9474-1A3956D46DE8}") = "3.DynamoDB", "3.DynamoDB", "{A4448C9E-5A09-468D-94FB-A6A8D0FD19CB}"
EndProject
Project("{FAE04EC0-301F-11D3-BF4B-00C04F79EFBC}") = "Customers.WebAPI", "3.DynamoDB\Customers.WebAPI\Customers.WebAPI.csproj", "{0ABD89D4-CFF0-44C8-A829-C8D725E482AA}"
EndProject
Project("{2150E333-8FDC-42A3-9474-1A3956D46DE8}") = "4.S3", "4.S3", "{0C2EC65E-E563-4446-941F-855DB4840CB0}"
EndProject
Project("{FAE04EC0-301F-11D3-BF4B-00C04F79EFBC}") = "S3Playground", "4.S3\S3Playground\S3Playground.csproj", "{0AE759A5-E303-4A43-B2F4-67FE85C650DB}"
EndProject
Project("{FAE04EC0-301F-11D3-BF4B-00C04F79EFBC}") = "Customers.WebAPI", "4.S3\Customers.WebAPI\Customers.WebAPI.csproj", "{EF422038-F94D-4BB8-A43D-442C8C718E5A}"
EndProject
Project("{2150E333-8FDC-42A3-9474-1A3956D46DE8}") = "5.SecretsManager", "5.SecretsManager", "{EA5629E2-434D-43DD-8F4B-A6A3190CB641}"
EndProject
Project("{FAE04EC0-301F-11D3-BF4B-00C04F79EFBC}") = "SecretsManager.ConsoleApp", "5.SecretsManager\SecretsManager.ConsoleApp\SecretsManager.ConsoleApp.csproj", "{BD72C092-FD05-4496-8ADF-C6B35E7F479C}"
EndProject
Project("{FAE04EC0-301F-11D3-BF4B-00C04F79EFBC}") = "Customers.WebAPI", "5.SecretsManager\Customers.WebAPI\Customers.WebAPI.csproj", "{9A62E502-6DF3-4271-81C9-F1ED5C8D7B23}"
EndProject
Global
	GlobalSection(SolutionConfigurationPlatforms) = preSolution
		Debug|Any CPU = Debug|Any CPU
		Release|Any CPU = Release|Any CPU
	EndGlobalSection
	GlobalSection(ProjectConfigurationPlatforms) = postSolution
		{18C0CC93-24BF-4F9A-B2A4-D42AB74732E4}.Debug|Any CPU.ActiveCfg = Debug|Any CPU
		{18C0CC93-24BF-4F9A-B2A4-D42AB74732E4}.Debug|Any CPU.Build.0 = Debug|Any CPU
		{18C0CC93-24BF-4F9A-B2A4-D42AB74732E4}.Release|Any CPU.ActiveCfg = Release|Any CPU
		{18C0CC93-24BF-4F9A-B2A4-D42AB74732E4}.Release|Any CPU.Build.0 = Release|Any CPU
		{40CB66A8-B48A-49ED-B69A-2FFC9B3BA6D8}.Debug|Any CPU.ActiveCfg = Debug|Any CPU
		{40CB66A8-B48A-49ED-B69A-2FFC9B3BA6D8}.Debug|Any CPU.Build.0 = Debug|Any CPU
		{40CB66A8-B48A-49ED-B69A-2FFC9B3BA6D8}.Release|Any CPU.ActiveCfg = Release|Any CPU
		{40CB66A8-B48A-49ED-B69A-2FFC9B3BA6D8}.Release|Any CPU.Build.0 = Release|Any CPU
		{D49A160D-6883-42A6-9E99-B1D502819E0F}.Debug|Any CPU.ActiveCfg = Debug|Any CPU
		{D49A160D-6883-42A6-9E99-B1D502819E0F}.Debug|Any CPU.Build.0 = Debug|Any CPU
		{D49A160D-6883-42A6-9E99-B1D502819E0F}.Release|Any CPU.ActiveCfg = Release|Any CPU
		{D49A160D-6883-42A6-9E99-B1D502819E0F}.Release|Any CPU.Build.0 = Release|Any CPU
		{72142F5E-1711-46C6-AC35-281531AEA0DA}.Debug|Any CPU.ActiveCfg = Debug|Any CPU
		{72142F5E-1711-46C6-AC35-281531AEA0DA}.Debug|Any CPU.Build.0 = Debug|Any CPU
		{72142F5E-1711-46C6-AC35-281531AEA0DA}.Release|Any CPU.ActiveCfg = Release|Any CPU
		{72142F5E-1711-46C6-AC35-281531AEA0DA}.Release|Any CPU.Build.0 = Release|Any CPU
		{B66F03A5-ADF2-4CB5-A371-69BB04662F4F}.Debug|Any CPU.ActiveCfg = Debug|Any CPU
		{B66F03A5-ADF2-4CB5-A371-69BB04662F4F}.Debug|Any CPU.Build.0 = Debug|Any CPU
		{B66F03A5-ADF2-4CB5-A371-69BB04662F4F}.Release|Any CPU.ActiveCfg = Release|Any CPU
		{B66F03A5-ADF2-4CB5-A371-69BB04662F4F}.Release|Any CPU.Build.0 = Release|Any CPU
		{0ABD89D4-CFF0-44C8-A829-C8D725E482AA}.Debug|Any CPU.ActiveCfg = Debug|Any CPU
		{0ABD89D4-CFF0-44C8-A829-C8D725E482AA}.Debug|Any CPU.Build.0 = Debug|Any CPU
		{0ABD89D4-CFF0-44C8-A829-C8D725E482AA}.Release|Any CPU.ActiveCfg = Release|Any CPU
		{0ABD89D4-CFF0-44C8-A829-C8D725E482AA}.Release|Any CPU.Build.0 = Release|Any CPU
		{0AE759A5-E303-4A43-B2F4-67FE85C650DB}.Debug|Any CPU.ActiveCfg = Debug|Any CPU
		{0AE759A5-E303-4A43-B2F4-67FE85C650DB}.Debug|Any CPU.Build.0 = Debug|Any CPU
		{0AE759A5-E303-4A43-B2F4-67FE85C650DB}.Release|Any CPU.ActiveCfg = Release|Any CPU
		{0AE759A5-E303-4A43-B2F4-67FE85C650DB}.Release|Any CPU.Build.0 = Release|Any CPU
		{EF422038-F94D-4BB8-A43D-442C8C718E5A}.Debug|Any CPU.ActiveCfg = Debug|Any CPU
		{EF422038-F94D-4BB8-A43D-442C8C718E5A}.Debug|Any CPU.Build.0 = Debug|Any CPU
		{EF422038-F94D-4BB8-A43D-442C8C718E5A}.Release|Any CPU.ActiveCfg = Release|Any CPU
		{EF422038-F94D-4BB8-A43D-442C8C718E5A}.Release|Any CPU.Build.0 = Release|Any CPU
		{BD72C092-FD05-4496-8ADF-C6B35E7F479C}.Debug|Any CPU.ActiveCfg = Debug|Any CPU
		{BD72C092-FD05-4496-8ADF-C6B35E7F479C}.Debug|Any CPU.Build.0 = Debug|Any CPU
		{BD72C092-FD05-4496-8ADF-C6B35E7F479C}.Release|Any CPU.ActiveCfg = Release|Any CPU
		{BD72C092-FD05-4496-8ADF-C6B35E7F479C}.Release|Any CPU.Build.0 = Release|Any CPU
		{9A62E502-6DF3-4271-81C9-F1ED5C8D7B23}.Debug|Any CPU.ActiveCfg = Debug|Any CPU
		{9A62E502-6DF3-4271-81C9-F1ED5C8D7B23}.Debug|Any CPU.Build.0 = Debug|Any CPU
		{9A62E502-6DF3-4271-81C9-F1ED5C8D7B23}.Release|Any CPU.ActiveCfg = Release|Any CPU
		{9A62E502-6DF3-4271-81C9-F1ED5C8D7B23}.Release|Any CPU.Build.0 = Release|Any CPU
	EndGlobalSection
	GlobalSection(SolutionProperties) = preSolution
		HideSolutionNode = FALSE
	EndGlobalSection
	GlobalSection(NestedProjects) = preSolution
		{18C0CC93-24BF-4F9A-B2A4-D42AB74732E4} = {87583499-98B2-4B9E-9A5A-F0118168EDAE}
		{40CB66A8-B48A-49ED-B69A-2FFC9B3BA6D8} = {87583499-98B2-4B9E-9A5A-F0118168EDAE}
		{D49A160D-6883-42A6-9E99-B1D502819E0F} = {87583499-98B2-4B9E-9A5A-F0118168EDAE}
		{72142F5E-1711-46C6-AC35-281531AEA0DA} = {02EA681E-C7D8-13C7-8484-4AC65E1B71E8}
		{B66F03A5-ADF2-4CB5-A371-69BB04662F4F} = {02EA681E-C7D8-13C7-8484-4AC65E1B71E8}
		{0ABD89D4-CFF0-44C8-A829-C8D725E482AA} = {A4448C9E-5A09-468D-94FB-A6A8D0FD19CB}
		{0AE759A5-E303-4A43-B2F4-67FE85C650DB} = {0C2EC65E-E563-4446-941F-855DB4840CB0}
		{EF422038-F94D-4BB8-A43D-442C8C718E5A} = {0C2EC65E-E563-4446-941F-855DB4840CB0}
		{BD72C092-FD05-4496-8ADF-C6B35E7F479C} = {EA5629E2-434D-43DD-8F4B-A6A3190CB641}
		{9A62E502-6DF3-4271-81C9-F1ED5C8D7B23} = {EA5629E2-434D-43DD-8F4B-A6A3190CB641}
	EndGlobalSection
	GlobalSection(ExtensibilityGlobals) = postSolution
		SolutionGuid = {7EF36EDF-71DB-49DA-8862-8F844AAE6B03}
	EndGlobalSection
EndGlobal
